
Microsoft Visual Studio Solution File, Format Version 12.00
# Visual Studio Version 16
VisualStudioVersion = 16.0.810.14
MinimumVisualStudioVersion = 10.0.40219.1
Project("{FAE04EC0-301F-11D3-BF4B-00C04F79EFBC}") = "SigmaAPI", "SigmaAPI\SigmaAPI.csproj", "{A967324E-20F3-4FFA-BBA1-40F44AA32589}"
EndProject
Global
	GlobalSection(SolutionConfigurationPlatforms) = preSolution
		Debug|Any CPU = Debug|Any CPU
		Release|Any CPU = Release|Any CPU
	EndGlobalSection
	GlobalSection(ProjectConfigurationPlatforms) = postSolution
		{A967324E-20F3-4FFA-BBA1-40F44AA32589}.Debug|Any CPU.ActiveCfg = Debug|Any CPU
		{A967324E-20F3-4FFA-BBA1-40F44AA32589}.Debug|Any CPU.Build.0 = Debug|Any CPU
		{A967324E-20F3-4FFA-BBA1-40F44AA32589}.Release|Any CPU.ActiveCfg = Release|Any CPU
		{A967324E-20F3-4FFA-BBA1-40F44AA32589}.Release|Any CPU.Build.0 = Release|Any CPU
	EndGlobalSection
	GlobalSection(SolutionProperties) = preSolution
		HideSolutionNode = FALSE
	EndGlobalSection
	GlobalSection(ExtensibilityGlobals) = postSolution
		SolutionGuid = {1FD507C4-ACC5-4DF7-BBD6-66000CEB7693}
	EndGlobalSection
EndGlobal
